// !$*UTF8*$!
{
	archiveVersion = 1;
	classes = {
	};
	objectVersion = 56;
	objects = {

/* Begin PBXBuildFile section */
		6E3E83D229E45212007CABD5 /* AppDelegate.swift in Sources */ = {isa = PBXBuildFile; fileRef = 6E3E83D129E45212007CABD5 /* AppDelegate.swift */; };
		6E3E83D429E45212007CABD5 /* SceneDelegate.swift in Sources */ = {isa = PBXBuildFile; fileRef = 6E3E83D329E45212007CABD5 /* SceneDelegate.swift */; };
		6E3E83D929E45212007CABD5 /* Main.storyboard in Resources */ = {isa = PBXBuildFile; fileRef = 6E3E83D729E45212007CABD5 /* Main.storyboard */; };
		6E3E83DB29E45213007CABD5 /* Assets.xcassets in Resources */ = {isa = PBXBuildFile; fileRef = 6E3E83DA29E45213007CABD5 /* Assets.xcassets */; };
		6E3E83DE29E45213007CABD5 /* LaunchScreen.storyboard in Resources */ = {isa = PBXBuildFile; fileRef = 6E3E83DC29E45213007CABD5 /* LaunchScreen.storyboard */; };
		6E3E83F429E474A0007CABD5 /* HomeViewController.swift in Sources */ = {isa = PBXBuildFile; fileRef = 6E3E83F329E474A0007CABD5 /* HomeViewController.swift */; };
		6E3E83FB29E478C1007CABD5 /* LocationsCollectionViewCell.swift in Sources */ = {isa = PBXBuildFile; fileRef = 6E3E83F929E478C1007CABD5 /* LocationsCollectionViewCell.swift */; };
		6E3E83FC29E478C1007CABD5 /* LocationsCollectionViewCell.xib in Resources */ = {isa = PBXBuildFile; fileRef = 6E3E83FA29E478C1007CABD5 /* LocationsCollectionViewCell.xib */; };
		6E3E83FE29E47965007CABD5 /* UIView + Extension.swift in Sources */ = {isa = PBXBuildFile; fileRef = 6E3E83FD29E47965007CABD5 /* UIView + Extension.swift */; };
		6E3E840029E479D8007CABD5 /* CardView.swift in Sources */ = {isa = PBXBuildFile; fileRef = 6E3E83FF29E479D8007CABD5 /* CardView.swift */; };
		6E3E840429E47CFC007CABD5 /* Location.swift in Sources */ = {isa = PBXBuildFile; fileRef = 6E3E840329E47CFC007CABD5 /* Location.swift */; };
		6E3E840829E4854B007CABD5 /* CharactersCollectionViewCell.swift in Sources */ = {isa = PBXBuildFile; fileRef = 6E3E840629E4854B007CABD5 /* CharactersCollectionViewCell.swift */; };
		6E3E840929E4854B007CABD5 /* CharactersCollectionViewCell.xib in Resources */ = {isa = PBXBuildFile; fileRef = 6E3E840729E4854B007CABD5 /* CharactersCollectionViewCell.xib */; };
		6E51BB8129EC054000182B31 /* Coordinator.swift in Sources */ = {isa = PBXBuildFile; fileRef = 6E51BB8029EC054000182B31 /* Coordinator.swift */; };
		6E51BB8329EC056000182B31 /* Storyboarded.swift in Sources */ = {isa = PBXBuildFile; fileRef = 6E51BB8229EC056000182B31 /* Storyboarded.swift */; };
		6E51BB8D29EC9E4800182B31 /* HomeViewModel.swift in Sources */ = {isa = PBXBuildFile; fileRef = 6E51BB8C29EC9E4800182B31 /* HomeViewModel.swift */; };
		6E51BB8F29EC9E6A00182B31 /* HomeCoordinator.swift in Sources */ = {isa = PBXBuildFile; fileRef = 6E51BB8E29EC9E6A00182B31 /* HomeCoordinator.swift */; };
		6E51BB9129EDEA9900182B31 /* Array + Extension.swift in Sources */ = {isa = PBXBuildFile; fileRef = 6E51BB9029EDEA9900182B31 /* Array + Extension.swift */; };
		6E6384BF29E48ED200980F30 /* Character.swift in Sources */ = {isa = PBXBuildFile; fileRef = 6E6384BE29E48ED200980F30 /* Character.swift */; };
		6E6384C129E494F200980F30 /* String + Extension.swift in Sources */ = {isa = PBXBuildFile; fileRef = 6E6384C029E494F200980F30 /* String + Extension.swift */; };
		6E6384C929E59DBE00980F30 /* CharacterDetailViewController.swift in Sources */ = {isa = PBXBuildFile; fileRef = 6E6384C829E59DBE00980F30 /* CharacterDetailViewController.swift */; };
		6E6384CB29E59E0C00980F30 /* UIViewController + Extension.swift in Sources */ = {isa = PBXBuildFile; fileRef = 6E6384CA29E59E0C00980F30 /* UIViewController + Extension.swift */; };
		6E7D0AE529E8184F00DD20A4 /* NetworkHelper.swift in Sources */ = {isa = PBXBuildFile; fileRef = 6E7D0AE429E8184F00DD20A4 /* NetworkHelper.swift */; };
		6E8BDF0229EB528700CDBF68 /* CharacterView.swift in Sources */ = {isa = PBXBuildFile; fileRef = 6E8BDF0129EB528700CDBF68 /* CharacterView.swift */; };
		6EE1453429E9CA5A00593ED1 /* NetworkService.swift in Sources */ = {isa = PBXBuildFile; fileRef = 6EE1453329E9CA5A00593ED1 /* NetworkService.swift */; };
		6EE1453F29E9F54200593ED1 /* HomeHelper.swift in Sources */ = {isa = PBXBuildFile; fileRef = 6EE1453E29E9F54200593ED1 /* HomeHelper.swift */; };
		6EE1454129E9F54700593ED1 /* HomeManager.swift in Sources */ = {isa = PBXBuildFile; fileRef = 6EE1454029E9F54700593ED1 /* HomeManager.swift */; };
		6EE1454329EA0B6C00593ED1 /* LoadingViewController.swift in Sources */ = {isa = PBXBuildFile; fileRef = 6EE1454229EA0B6C00593ED1 /* LoadingViewController.swift */; };
		6EE1454629EA102100593ED1 /* Utils.swift in Sources */ = {isa = PBXBuildFile; fileRef = 6EE1454529EA102100593ED1 /* Utils.swift */; };
		DC2241D038D9D0B54F8FE0B6 /* Pods_InvioTask.framework in Frameworks */ = {isa = PBXBuildFile; fileRef = B7FCF4DA835CE0F86D6A87CD /* Pods_InvioTask.framework */; };
/* End PBXBuildFile section */

/* Begin PBXFileReference section */
		2FCD59FAC0AAB71FD727E201 /* Pods-InvioTask.release.xcconfig */ = {isa = PBXFileReference; includeInIndex = 1; lastKnownFileType = text.xcconfig; name = "Pods-InvioTask.release.xcconfig"; path = "Target Support Files/Pods-InvioTask/Pods-InvioTask.release.xcconfig"; sourceTree = "<group>"; };
		37E19DCC7D86C8961EE2EDE9 /* Pods-InvioTask.debug.xcconfig */ = {isa = PBXFileReference; includeInIndex = 1; lastKnownFileType = text.xcconfig; name = "Pods-InvioTask.debug.xcconfig"; path = "Target Support Files/Pods-InvioTask/Pods-InvioTask.debug.xcconfig"; sourceTree = "<group>"; };
		6E3E83CE29E45212007CABD5 /* InvioTask.app */ = {isa = PBXFileReference; explicitFileType = wrapper.application; includeInIndex = 0; path = InvioTask.app; sourceTree = BUILT_PRODUCTS_DIR; };
		6E3E83D129E45212007CABD5 /* AppDelegate.swift */ = {isa = PBXFileReference; lastKnownFileType = sourcecode.swift; path = AppDelegate.swift; sourceTree = "<group>"; };
		6E3E83D329E45212007CABD5 /* SceneDelegate.swift */ = {isa = PBXFileReference; lastKnownFileType = sourcecode.swift; path = SceneDelegate.swift; sourceTree = "<group>"; };
		6E3E83D829E45212007CABD5 /* Base */ = {isa = PBXFileReference; lastKnownFileType = file.storyboard; name = Base; path = Base.lproj/Main.storyboard; sourceTree = "<group>"; };
		6E3E83DA29E45213007CABD5 /* Assets.xcassets */ = {isa = PBXFileReference; lastKnownFileType = folder.assetcatalog; path = Assets.xcassets; sourceTree = "<group>"; };
		6E3E83DD29E45213007CABD5 /* Base */ = {isa = PBXFileReference; lastKnownFileType = file.storyboard; name = Base; path = Base.lproj/LaunchScreen.storyboard; sourceTree = "<group>"; };
		6E3E83DF29E45213007CABD5 /* Info.plist */ = {isa = PBXFileReference; lastKnownFileType = text.plist.xml; path = Info.plist; sourceTree = "<group>"; };
		6E3E83F329E474A0007CABD5 /* HomeViewController.swift */ = {isa = PBXFileReference; lastKnownFileType = sourcecode.swift; path = HomeViewController.swift; sourceTree = "<group>"; };
		6E3E83F929E478C1007CABD5 /* LocationsCollectionViewCell.swift */ = {isa = PBXFileReference; lastKnownFileType = sourcecode.swift; path = LocationsCollectionViewCell.swift; sourceTree = "<group>"; };
		6E3E83FA29E478C1007CABD5 /* LocationsCollectionViewCell.xib */ = {isa = PBXFileReference; lastKnownFileType = file.xib; path = LocationsCollectionViewCell.xib; sourceTree = "<group>"; };
		6E3E83FD29E47965007CABD5 /* UIView + Extension.swift */ = {isa = PBXFileReference; lastKnownFileType = sourcecode.swift; path = "UIView + Extension.swift"; sourceTree = "<group>"; };
		6E3E83FF29E479D8007CABD5 /* CardView.swift */ = {isa = PBXFileReference; lastKnownFileType = sourcecode.swift; path = CardView.swift; sourceTree = "<group>"; };
		6E3E840329E47CFC007CABD5 /* Location.swift */ = {isa = PBXFileReference; lastKnownFileType = sourcecode.swift; path = Location.swift; sourceTree = "<group>"; };
		6E3E840629E4854B007CABD5 /* CharactersCollectionViewCell.swift */ = {isa = PBXFileReference; lastKnownFileType = sourcecode.swift; path = CharactersCollectionViewCell.swift; sourceTree = "<group>"; };
		6E3E840729E4854B007CABD5 /* CharactersCollectionViewCell.xib */ = {isa = PBXFileReference; lastKnownFileType = file.xib; path = CharactersCollectionViewCell.xib; sourceTree = "<group>"; };
		6E51BB8029EC054000182B31 /* Coordinator.swift */ = {isa = PBXFileReference; lastKnownFileType = sourcecode.swift; path = Coordinator.swift; sourceTree = "<group>"; };
		6E51BB8229EC056000182B31 /* Storyboarded.swift */ = {isa = PBXFileReference; lastKnownFileType = sourcecode.swift; path = Storyboarded.swift; sourceTree = "<group>"; };
		6E51BB8C29EC9E4800182B31 /* HomeViewModel.swift */ = {isa = PBXFileReference; lastKnownFileType = sourcecode.swift; path = HomeViewModel.swift; sourceTree = "<group>"; };
		6E51BB8E29EC9E6A00182B31 /* HomeCoordinator.swift */ = {isa = PBXFileReference; lastKnownFileType = sourcecode.swift; path = HomeCoordinator.swift; sourceTree = "<group>"; };
		6E51BB9029EDEA9900182B31 /* Array + Extension.swift */ = {isa = PBXFileReference; lastKnownFileType = sourcecode.swift; path = "Array + Extension.swift"; sourceTree = "<group>"; };
		6E6384BE29E48ED200980F30 /* Character.swift */ = {isa = PBXFileReference; lastKnownFileType = sourcecode.swift; path = Character.swift; sourceTree = "<group>"; };
		6E6384C029E494F200980F30 /* String + Extension.swift */ = {isa = PBXFileReference; lastKnownFileType = sourcecode.swift; path = "String + Extension.swift"; sourceTree = "<group>"; };
		6E6384C829E59DBE00980F30 /* CharacterDetailViewController.swift */ = {isa = PBXFileReference; lastKnownFileType = sourcecode.swift; path = CharacterDetailViewController.swift; sourceTree = "<group>"; };
		6E6384CA29E59E0C00980F30 /* UIViewController + Extension.swift */ = {isa = PBXFileReference; lastKnownFileType = sourcecode.swift; path = "UIViewController + Extension.swift"; sourceTree = "<group>"; };
		6E7D0AE429E8184F00DD20A4 /* NetworkHelper.swift */ = {isa = PBXFileReference; lastKnownFileType = sourcecode.swift; path = NetworkHelper.swift; sourceTree = "<group>"; };
		6E8BDF0129EB528700CDBF68 /* CharacterView.swift */ = {isa = PBXFileReference; lastKnownFileType = sourcecode.swift; path = CharacterView.swift; sourceTree = "<group>"; };
		6EE1453329E9CA5A00593ED1 /* NetworkService.swift */ = {isa = PBXFileReference; lastKnownFileType = sourcecode.swift; path = NetworkService.swift; sourceTree = "<group>"; };
		6EE1453E29E9F54200593ED1 /* HomeHelper.swift */ = {isa = PBXFileReference; lastKnownFileType = sourcecode.swift; path = HomeHelper.swift; sourceTree = "<group>"; };
		6EE1454029E9F54700593ED1 /* HomeManager.swift */ = {isa = PBXFileReference; lastKnownFileType = sourcecode.swift; path = HomeManager.swift; sourceTree = "<group>"; };
		6EE1454229EA0B6C00593ED1 /* LoadingViewController.swift */ = {isa = PBXFileReference; lastKnownFileType = sourcecode.swift; path = LoadingViewController.swift; sourceTree = "<group>"; };
		6EE1454529EA102100593ED1 /* Utils.swift */ = {isa = PBXFileReference; lastKnownFileType = sourcecode.swift; path = Utils.swift; sourceTree = "<group>"; };
		B7FCF4DA835CE0F86D6A87CD /* Pods_InvioTask.framework */ = {isa = PBXFileReference; explicitFileType = wrapper.framework; includeInIndex = 0; path = Pods_InvioTask.framework; sourceTree = BUILT_PRODUCTS_DIR; };
/* End PBXFileReference section */

/* Begin PBXFrameworksBuildPhase section */
		6E3E83CB29E45212007CABD5 /* Frameworks */ = {
			isa = PBXFrameworksBuildPhase;
			buildActionMask = 2147483647;
			files = (
				DC2241D038D9D0B54F8FE0B6 /* Pods_InvioTask.framework in Frameworks */,
			);
			runOnlyForDeploymentPostprocessing = 0;
		};
/* End PBXFrameworksBuildPhase section */

/* Begin PBXGroup section */
		0878D7B2F0B6A2F04DCFB6E5 /* Frameworks */ = {
			isa = PBXGroup;
			children = (
				B7FCF4DA835CE0F86D6A87CD /* Pods_InvioTask.framework */,
			);
			name = Frameworks;
			sourceTree = "<group>";
		};
		19B2B1245DE2A43A7C7BB988 /* Pods */ = {
			isa = PBXGroup;
			children = (
				37E19DCC7D86C8961EE2EDE9 /* Pods-InvioTask.debug.xcconfig */,
				2FCD59FAC0AAB71FD727E201 /* Pods-InvioTask.release.xcconfig */,
			);
			path = Pods;
			sourceTree = "<group>";
		};
		6E3E83C529E45212007CABD5 = {
			isa = PBXGroup;
			children = (
				6E3E83D029E45212007CABD5 /* InvioTask */,
				6E3E83CF29E45212007CABD5 /* Products */,
				19B2B1245DE2A43A7C7BB988 /* Pods */,
				0878D7B2F0B6A2F04DCFB6E5 /* Frameworks */,
			);
			sourceTree = "<group>";
		};
		6E3E83CF29E45212007CABD5 /* Products */ = {
			isa = PBXGroup;
			children = (
				6E3E83CE29E45212007CABD5 /* InvioTask.app */,
			);
			name = Products;
			sourceTree = "<group>";
		};
		6E3E83D029E45212007CABD5 /* InvioTask */ = {
			isa = PBXGroup;
			children = (
				6E3E83D129E45212007CABD5 /* AppDelegate.swift */,
				6E3E83D329E45212007CABD5 /* SceneDelegate.swift */,
				6E51BB7F29EC050500182B31 /* Coordinator */,
				6E3E83E729E463E4007CABD5 /* Network */,
				6EE1454429EA100E00593ED1 /* Helper */,
				6E3E83E929E46401007CABD5 /* Extension */,
				6E3E83E829E463E9007CABD5 /* CustomViews */,
				6E3E83E529E45CD5007CABD5 /* Scene */,
				6E3E83D729E45212007CABD5 /* Main.storyboard */,
				6E3E83DA29E45213007CABD5 /* Assets.xcassets */,
				6E3E83DC29E45213007CABD5 /* LaunchScreen.storyboard */,
				6E3E83DF29E45213007CABD5 /* Info.plist */,
			);
			path = InvioTask;
			sourceTree = "<group>";
		};
		6E3E83E529E45CD5007CABD5 /* Scene */ = {
			isa = PBXGroup;
			children = (
				6E51BB8529EC098F00182B31 /* Loading */,
				6E51BB8429EC098A00182B31 /* Home */,
			);
			path = Scene;
			sourceTree = "<group>";
		};
		6E3E83E729E463E4007CABD5 /* Network */ = {
			isa = PBXGroup;
			children = (
				6E7D0AE429E8184F00DD20A4 /* NetworkHelper.swift */,
				6EE1453329E9CA5A00593ED1 /* NetworkService.swift */,
				6EE1453D29E9F53300593ED1 /* Home */,
			);
			path = Network;
			sourceTree = "<group>";
		};
		6E3E83E829E463E9007CABD5 /* CustomViews */ = {
			isa = PBXGroup;
			children = (
				6E3E83ED29E46D7B007CABD5 /* Cells */,
			);
			path = CustomViews;
			sourceTree = "<group>";
		};
		6E3E83E929E46401007CABD5 /* Extension */ = {
			isa = PBXGroup;
			children = (
				6E3E83FD29E47965007CABD5 /* UIView + Extension.swift */,
				6E6384C029E494F200980F30 /* String + Extension.swift */,
				6E6384CA29E59E0C00980F30 /* UIViewController + Extension.swift */,
				6E51BB9029EDEA9900182B31 /* Array + Extension.swift */,
			);
			path = Extension;
			sourceTree = "<group>";
		};
		6E3E83ED29E46D7B007CABD5 /* Cells */ = {
			isa = PBXGroup;
			children = (
				6E3E83FF29E479D8007CABD5 /* CardView.swift */,
				6E3E840529E48535007CABD5 /* CharactersCell */,
				6E3E83F529E4788A007CABD5 /* LocationsCell */,
			);
			path = Cells;
			sourceTree = "<group>";
		};
		6E3E83F529E4788A007CABD5 /* LocationsCell */ = {
			isa = PBXGroup;
			children = (
				6E3E83F929E478C1007CABD5 /* LocationsCollectionViewCell.swift */,
				6E3E83FA29E478C1007CABD5 /* LocationsCollectionViewCell.xib */,
			);
			path = LocationsCell;
			sourceTree = "<group>";
		};
		6E3E840529E48535007CABD5 /* CharactersCell */ = {
			isa = PBXGroup;
			children = (
				6E3E840629E4854B007CABD5 /* CharactersCollectionViewCell.swift */,
				6E3E840729E4854B007CABD5 /* CharactersCollectionViewCell.xib */,
				6E8BDF0129EB528700CDBF68 /* CharacterView.swift */,
			);
			path = CharactersCell;
			sourceTree = "<group>";
		};
		6E51BB7F29EC050500182B31 /* Coordinator */ = {
			isa = PBXGroup;
			children = (
				6E51BB8029EC054000182B31 /* Coordinator.swift */,
				6E51BB8229EC056000182B31 /* Storyboarded.swift */,
			);
			path = Coordinator;
			sourceTree = "<group>";
		};
		6E51BB8429EC098A00182B31 /* Home */ = {
			isa = PBXGroup;
			children = (
				6E51BB8E29EC9E6A00182B31 /* HomeCoordinator.swift */,
				6E51BB8629EC099C00182B31 /* Model */,
				6E51BB8829EC09A900182B31 /* ViewModel */,
				6E51BB8729EC09A100182B31 /* View */,
			);
			path = Home;
			sourceTree = "<group>";
		};
		6E51BB8529EC098F00182B31 /* Loading */ = {
			isa = PBXGroup;
			children = (
				6E51BB8B29EC09D000182B31 /* ViewModel */,
				6E51BB8A29EC09CA00182B31 /* View */,
			);
			path = Loading;
			sourceTree = "<group>";
		};
		6E51BB8629EC099C00182B31 /* Model */ = {
			isa = PBXGroup;
			children = (
				6E3E840329E47CFC007CABD5 /* Location.swift */,
				6E6384BE29E48ED200980F30 /* Character.swift */,
			);
			path = Model;
			sourceTree = "<group>";
		};
		6E51BB8729EC09A100182B31 /* View */ = {
			isa = PBXGroup;
			children = (
				6E6384C829E59DBE00980F30 /* CharacterDetailViewController.swift */,
				6E3E83F329E474A0007CABD5 /* HomeViewController.swift */,
			);
			path = View;
			sourceTree = "<group>";
		};
		6E51BB8829EC09A900182B31 /* ViewModel */ = {
			isa = PBXGroup;
			children = (
				6E51BB8C29EC9E4800182B31 /* HomeViewModel.swift */,
			);
			path = ViewModel;
			sourceTree = "<group>";
		};
		6E51BB8A29EC09CA00182B31 /* View */ = {
			isa = PBXGroup;
			children = (
				6EE1454229EA0B6C00593ED1 /* LoadingViewController.swift */,
			);
			path = View;
			sourceTree = "<group>";
		};
		6E51BB8B29EC09D000182B31 /* ViewModel */ = {
			isa = PBXGroup;
			children = (
			);
			path = ViewModel;
			sourceTree = "<group>";
		};
		6EE1453D29E9F53300593ED1 /* Home */ = {
			isa = PBXGroup;
			children = (
				6EE1453E29E9F54200593ED1 /* HomeHelper.swift */,
				6EE1454029E9F54700593ED1 /* HomeManager.swift */,
			);
			path = Home;
			sourceTree = "<group>";
		};
		6EE1454429EA100E00593ED1 /* Helper */ = {
			isa = PBXGroup;
			children = (
				6EE1454529EA102100593ED1 /* Utils.swift */,
			);
			path = Helper;
			sourceTree = "<group>";
		};
/* End PBXGroup section */

/* Begin PBXNativeTarget section */
		6E3E83CD29E45212007CABD5 /* InvioTask */ = {
			isa = PBXNativeTarget;
			buildConfigurationList = 6E3E83E229E45213007CABD5 /* Build configuration list for PBXNativeTarget "InvioTask" */;
			buildPhases = (
				E489FF384F3E24BB9A2E3390 /* [CP] Check Pods Manifest.lock */,
				6E3E83CA29E45212007CABD5 /* Sources */,
				6E3E83CB29E45212007CABD5 /* Frameworks */,
				6E3E83CC29E45212007CABD5 /* Resources */,
				5AF77221FDE2AF42EEBF7323 /* [CP] Embed Pods Frameworks */,
			);
			buildRules = (
			);
			dependencies = (
			);
			name = InvioTask;
			productName = InvioTask;
			productReference = 6E3E83CE29E45212007CABD5 /* InvioTask.app */;
			productType = "com.apple.product-type.application";
		};
/* End PBXNativeTarget section */

/* Begin PBXProject section */
		6E3E83C629E45212007CABD5 /* Project object */ = {
			isa = PBXProject;
			attributes = {
				BuildIndependentTargetsInParallel = 1;
				LastSwiftUpdateCheck = 1430;
				LastUpgradeCheck = 1430;
				TargetAttributes = {
					6E3E83CD29E45212007CABD5 = {
						CreatedOnToolsVersion = 14.3;
					};
				};
			};
			buildConfigurationList = 6E3E83C929E45212007CABD5 /* Build configuration list for PBXProject "InvioTask" */;
			compatibilityVersion = "Xcode 14.0";
			developmentRegion = en;
			hasScannedForEncodings = 0;
			knownRegions = (
				en,
				Base,
			);
			mainGroup = 6E3E83C529E45212007CABD5;
			productRefGroup = 6E3E83CF29E45212007CABD5 /* Products */;
			projectDirPath = "";
			projectRoot = "";
			targets = (
				6E3E83CD29E45212007CABD5 /* InvioTask */,
			);
		};
/* End PBXProject section */

/* Begin PBXResourcesBuildPhase section */
		6E3E83CC29E45212007CABD5 /* Resources */ = {
			isa = PBXResourcesBuildPhase;
			buildActionMask = 2147483647;
			files = (
				6E3E83FC29E478C1007CABD5 /* LocationsCollectionViewCell.xib in Resources */,
				6E3E83DE29E45213007CABD5 /* LaunchScreen.storyboard in Resources */,
				6E3E83DB29E45213007CABD5 /* Assets.xcassets in Resources */,
				6E3E840929E4854B007CABD5 /* CharactersCollectionViewCell.xib in Resources */,
				6E3E83D929E45212007CABD5 /* Main.storyboard in Resources */,
			);
			runOnlyForDeploymentPostprocessing = 0;
		};
/* End PBXResourcesBuildPhase section */

/* Begin PBXShellScriptBuildPhase section */
		5AF77221FDE2AF42EEBF7323 /* [CP] Embed Pods Frameworks */ = {
			isa = PBXShellScriptBuildPhase;
			buildActionMask = 2147483647;
			files = (
			);
			inputFileListPaths = (
				"${PODS_ROOT}/Target Support Files/Pods-InvioTask/Pods-InvioTask-frameworks-${CONFIGURATION}-input-files.xcfilelist",
			);
			name = "[CP] Embed Pods Frameworks";
			outputFileListPaths = (
				"${PODS_ROOT}/Target Support Files/Pods-InvioTask/Pods-InvioTask-frameworks-${CONFIGURATION}-output-files.xcfilelist",
			);
			runOnlyForDeploymentPostprocessing = 0;
			shellPath = /bin/sh;
			shellScript = "\"${PODS_ROOT}/Target Support Files/Pods-InvioTask/Pods-InvioTask-frameworks.sh\"\n";
			showEnvVarsInLog = 0;
		};
		E489FF384F3E24BB9A2E3390 /* [CP] Check Pods Manifest.lock */ = {
			isa = PBXShellScriptBuildPhase;
			buildActionMask = 2147483647;
			files = (
			);
			inputFileListPaths = (
			);
			inputPaths = (
				"${PODS_PODFILE_DIR_PATH}/Podfile.lock",
				"${PODS_ROOT}/Manifest.lock",
			);
			name = "[CP] Check Pods Manifest.lock";
			outputFileListPaths = (
			);
			outputPaths = (
				"$(DERIVED_FILE_DIR)/Pods-InvioTask-checkManifestLockResult.txt",
			);
			runOnlyForDeploymentPostprocessing = 0;
			shellPath = /bin/sh;
			shellScript = "diff \"${PODS_PODFILE_DIR_PATH}/Podfile.lock\" \"${PODS_ROOT}/Manifest.lock\" > /dev/null\nif [ $? != 0 ] ; then\n    # print error to STDERR\n    echo \"error: The sandbox is not in sync with the Podfile.lock. Run 'pod install' or update your CocoaPods installation.\" >&2\n    exit 1\nfi\n# This output is used by Xcode 'outputs' to avoid re-running this script phase.\necho \"SUCCESS\" > \"${SCRIPT_OUTPUT_FILE_0}\"\n";
			showEnvVarsInLog = 0;
		};
/* End PBXShellScriptBuildPhase section */

/* Begin PBXSourcesBuildPhase section */
		6E3E83CA29E45212007CABD5 /* Sources */ = {
			isa = PBXSourcesBuildPhase;
			buildActionMask = 2147483647;
			files = (
				6E7D0AE529E8184F00DD20A4 /* NetworkHelper.swift in Sources */,
				6E3E83F429E474A0007CABD5 /* HomeViewController.swift in Sources */,
				6E6384C929E59DBE00980F30 /* CharacterDetailViewController.swift in Sources */,
				6E8BDF0229EB528700CDBF68 /* CharacterView.swift in Sources */,
				6E3E83D229E45212007CABD5 /* AppDelegate.swift in Sources */,
				6E51BB8F29EC9E6A00182B31 /* HomeCoordinator.swift in Sources */,
				6E51BB8D29EC9E4800182B31 /* HomeViewModel.swift in Sources */,
				6E3E840429E47CFC007CABD5 /* Location.swift in Sources */,
				6EE1454329EA0B6C00593ED1 /* LoadingViewController.swift in Sources */,
				6E3E83FE29E47965007CABD5 /* UIView + Extension.swift in Sources */,
				6EE1453F29E9F54200593ED1 /* HomeHelper.swift in Sources */,
				6E3E83D429E45212007CABD5 /* SceneDelegate.swift in Sources */,
				6EE1453429E9CA5A00593ED1 /* NetworkService.swift in Sources */,
				6E3E840029E479D8007CABD5 /* CardView.swift in Sources */,
				6E6384C129E494F200980F30 /* String + Extension.swift in Sources */,
				6E6384BF29E48ED200980F30 /* Character.swift in Sources */,
				6E51BB8129EC054000182B31 /* Coordinator.swift in Sources */,
				6EE1454129E9F54700593ED1 /* HomeManager.swift in Sources */,
				6EE1454629EA102100593ED1 /* Utils.swift in Sources */,
				6E51BB9129EDEA9900182B31 /* Array + Extension.swift in Sources */,
				6E3E840829E4854B007CABD5 /* CharactersCollectionViewCell.swift in Sources */,
				6E6384CB29E59E0C00980F30 /* UIViewController + Extension.swift in Sources */,
				6E3E83FB29E478C1007CABD5 /* LocationsCollectionViewCell.swift in Sources */,
				6E51BB8329EC056000182B31 /* Storyboarded.swift in Sources */,
			);
			runOnlyForDeploymentPostprocessing = 0;
		};
/* End PBXSourcesBuildPhase section */

/* Begin PBXVariantGroup section */
		6E3E83D729E45212007CABD5 /* Main.storyboard */ = {
			isa = PBXVariantGroup;
			children = (
				6E3E83D829E45212007CABD5 /* Base */,
			);
			name = Main.storyboard;
			sourceTree = "<group>";
		};
		6E3E83DC29E45213007CABD5 /* LaunchScreen.storyboard */ = {
			isa = PBXVariantGroup;
			children = (
				6E3E83DD29E45213007CABD5 /* Base */,
			);
			name = LaunchScreen.storyboard;
			sourceTree = "<group>";
		};
/* End PBXVariantGroup section */

/* Begin XCBuildConfiguration section */
		6E3E83E029E45213007CABD5 /* Debug */ = {
			isa = XCBuildConfiguration;
			buildSettings = {
				ALWAYS_SEARCH_USER_PATHS = NO;
				CLANG_ANALYZER_NONNULL = YES;
				CLANG_ANALYZER_NUMBER_OBJECT_CONVERSION = YES_AGGRESSIVE;
				CLANG_CXX_LANGUAGE_STANDARD = "gnu++20";
				CLANG_ENABLE_MODULES = YES;
				CLANG_ENABLE_OBJC_ARC = YES;
				CLANG_ENABLE_OBJC_WEAK = YES;
				CLANG_WARN_BLOCK_CAPTURE_AUTORELEASING = YES;
				CLANG_WARN_BOOL_CONVERSION = YES;
				CLANG_WARN_COMMA = YES;
				CLANG_WARN_CONSTANT_CONVERSION = YES;
				CLANG_WARN_DEPRECATED_OBJC_IMPLEMENTATIONS = YES;
				CLANG_WARN_DIRECT_OBJC_ISA_USAGE = YES_ERROR;
				CLANG_WARN_DOCUMENTATION_COMMENTS = YES;
				CLANG_WARN_EMPTY_BODY = YES;
				CLANG_WARN_ENUM_CONVERSION = YES;
				CLANG_WARN_INFINITE_RECURSION = YES;
				CLANG_WARN_INT_CONVERSION = YES;
				CLANG_WARN_NON_LITERAL_NULL_CONVERSION = YES;
				CLANG_WARN_OBJC_IMPLICIT_RETAIN_SELF = YES;
				CLANG_WARN_OBJC_LITERAL_CONVERSION = YES;
				CLANG_WARN_OBJC_ROOT_CLASS = YES_ERROR;
				CLANG_WARN_QUOTED_INCLUDE_IN_FRAMEWORK_HEADER = YES;
				CLANG_WARN_RANGE_LOOP_ANALYSIS = YES;
				CLANG_WARN_STRICT_PROTOTYPES = YES;
				CLANG_WARN_SUSPICIOUS_MOVE = YES;
				CLANG_WARN_UNGUARDED_AVAILABILITY = YES_AGGRESSIVE;
				CLANG_WARN_UNREACHABLE_CODE = YES;
				CLANG_WARN__DUPLICATE_METHOD_MATCH = YES;
				COPY_PHASE_STRIP = NO;
				DEBUG_INFORMATION_FORMAT = dwarf;
				ENABLE_STRICT_OBJC_MSGSEND = YES;
				ENABLE_TESTABILITY = YES;
				GCC_C_LANGUAGE_STANDARD = gnu11;
				GCC_DYNAMIC_NO_PIC = NO;
				GCC_NO_COMMON_BLOCKS = YES;
				GCC_OPTIMIZATION_LEVEL = 0;
				GCC_PREPROCESSOR_DEFINITIONS = (
					"DEBUG=1",
					"$(inherited)",
				);
				GCC_WARN_64_TO_32_BIT_CONVERSION = YES;
				GCC_WARN_ABOUT_RETURN_TYPE = YES_ERROR;
				GCC_WARN_UNDECLARED_SELECTOR = YES;
				GCC_WARN_UNINITIALIZED_AUTOS = YES_AGGRESSIVE;
				GCC_WARN_UNUSED_FUNCTION = YES;
				GCC_WARN_UNUSED_VARIABLE = YES;
				IPHONEOS_DEPLOYMENT_TARGET = 16.4;
				MTL_ENABLE_DEBUG_INFO = INCLUDE_SOURCE;
				MTL_FAST_MATH = YES;
				ONLY_ACTIVE_ARCH = YES;
				SDKROOT = iphoneos;
				SWIFT_ACTIVE_COMPILATION_CONDITIONS = DEBUG;
				SWIFT_OPTIMIZATION_LEVEL = "-Onone";
			};
			name = Debug;
		};
		6E3E83E129E45213007CABD5 /* Release */ = {
			isa = XCBuildConfiguration;
			buildSettings = {
				ALWAYS_SEARCH_USER_PATHS = NO;
				CLANG_ANALYZER_NONNULL = YES;
				CLANG_ANALYZER_NUMBER_OBJECT_CONVERSION = YES_AGGRESSIVE;
				CLANG_CXX_LANGUAGE_STANDARD = "gnu++20";
				CLANG_ENABLE_MODULES = YES;
				CLANG_ENABLE_OBJC_ARC = YES;
				CLANG_ENABLE_OBJC_WEAK = YES;
				CLANG_WARN_BLOCK_CAPTURE_AUTORELEASING = YES;
				CLANG_WARN_BOOL_CONVERSION = YES;
				CLANG_WARN_COMMA = YES;
				CLANG_WARN_CONSTANT_CONVERSION = YES;
				CLANG_WARN_DEPRECATED_OBJC_IMPLEMENTATIONS = YES;
				CLANG_WARN_DIRECT_OBJC_ISA_USAGE = YES_ERROR;
				CLANG_WARN_DOCUMENTATION_COMMENTS = YES;
				CLANG_WARN_EMPTY_BODY = YES;
				CLANG_WARN_ENUM_CONVERSION = YES;
				CLANG_WARN_INFINITE_RECURSION = YES;
				CLANG_WARN_INT_CONVERSION = YES;
				CLANG_WARN_NON_LITERAL_NULL_CONVERSION = YES;
				CLANG_WARN_OBJC_IMPLICIT_RETAIN_SELF = YES;
				CLANG_WARN_OBJC_LITERAL_CONVERSION = YES;
				CLANG_WARN_OBJC_ROOT_CLASS = YES_ERROR;
				CLANG_WARN_QUOTED_INCLUDE_IN_FRAMEWORK_HEADER = YES;
				CLANG_WARN_RANGE_LOOP_ANALYSIS = YES;
				CLANG_WARN_STRICT_PROTOTYPES = YES;
				CLANG_WARN_SUSPICIOUS_MOVE = YES;
				CLANG_WARN_UNGUARDED_AVAILABILITY = YES_AGGRESSIVE;
				CLANG_WARN_UNREACHABLE_CODE = YES;
				CLANG_WARN__DUPLICATE_METHOD_MATCH = YES;
				COPY_PHASE_STRIP = NO;
				DEBUG_INFORMATION_FORMAT = "dwarf-with-dsym";
				ENABLE_NS_ASSERTIONS = NO;
				ENABLE_STRICT_OBJC_MSGSEND = YES;
				GCC_C_LANGUAGE_STANDARD = gnu11;
				GCC_NO_COMMON_BLOCKS = YES;
				GCC_WARN_64_TO_32_BIT_CONVERSION = YES;
				GCC_WARN_ABOUT_RETURN_TYPE = YES_ERROR;
				GCC_WARN_UNDECLARED_SELECTOR = YES;
				GCC_WARN_UNINITIALIZED_AUTOS = YES_AGGRESSIVE;
				GCC_WARN_UNUSED_FUNCTION = YES;
				GCC_WARN_UNUSED_VARIABLE = YES;
				IPHONEOS_DEPLOYMENT_TARGET = 16.4;
				MTL_ENABLE_DEBUG_INFO = NO;
				MTL_FAST_MATH = YES;
				SDKROOT = iphoneos;
				SWIFT_COMPILATION_MODE = wholemodule;
				SWIFT_OPTIMIZATION_LEVEL = "-O";
				VALIDATE_PRODUCT = YES;
			};
			name = Release;
		};
		6E3E83E329E45213007CABD5 /* Debug */ = {
			isa = XCBuildConfiguration;
			baseConfigurationReference = 37E19DCC7D86C8961EE2EDE9 /* Pods-InvioTask.debug.xcconfig */;
			buildSettings = {
				ASSETCATALOG_COMPILER_APPICON_NAME = AppIcon;
				ASSETCATALOG_COMPILER_GLOBAL_ACCENT_COLOR_NAME = AccentColor;
				CODE_SIGN_STYLE = Automatic;
				CURRENT_PROJECT_VERSION = 1;
				DEVELOPMENT_TEAM = 6RYG55F8TD;
				GENERATE_INFOPLIST_FILE = YES;
				INFOPLIST_FILE = InvioTask/Info.plist;
				INFOPLIST_KEY_UIApplicationSupportsIndirectInputEvents = YES;
				INFOPLIST_KEY_UILaunchStoryboardName = LaunchScreen;
				INFOPLIST_KEY_UIMainStoryboardFile = Main;
				INFOPLIST_KEY_UISupportedInterfaceOrientations_iPad = "UIInterfaceOrientationPortrait UIInterfaceOrientationPortraitUpsideDown UIInterfaceOrientationLandscapeLeft UIInterfaceOrientationLandscapeRight";
				INFOPLIST_KEY_UISupportedInterfaceOrientations_iPhone = "UIInterfaceOrientationPortrait UIInterfaceOrientationLandscapeLeft UIInterfaceOrientationLandscapeRight";
				LD_RUNPATH_SEARCH_PATHS = (
					"$(inherited)",
					"@executable_path/Frameworks",
				);
				MARKETING_VERSION = 1.0;
				PRODUCT_BUNDLE_IDENTIFIER = kenanbylan.InvioTask;
				PRODUCT_NAME = "$(TARGET_NAME)";
				SWIFT_EMIT_LOC_STRINGS = YES;
				SWIFT_VERSION = 5.0;
				TARGETED_DEVICE_FAMILY = "1,2";
			};
			name = Debug;
		};
		6E3E83E429E45213007CABD5 /* Release */ = {
			isa = XCBuildConfiguration;
			baseConfigurationReference = 2FCD59FAC0AAB71FD727E201 /* Pods-InvioTask.release.xcconfig */;
			buildSettings = {
				ASSETCATALOG_COMPILER_APPICON_NAME = AppIcon;
				ASSETCATALOG_COMPILER_GLOBAL_ACCENT_COLOR_NAME = AccentColor;
				CODE_SIGN_STYLE = Automatic;
				CURRENT_PROJECT_VERSION = 1;
				DEVELOPMENT_TEAM = 6RYG55F8TD;
				GENERATE_INFOPLIST_FILE = YES;
				INFOPLIST_FILE = InvioTask/Info.plist;
				INFOPLIST_KEY_UIApplicationSupportsIndirectInputEvents = YES;
				INFOPLIST_KEY_UILaunchStoryboardName = LaunchScreen;
				INFOPLIST_KEY_UIMainStoryboardFile = Main;
				INFOPLIST_KEY_UISupportedInterfaceOrientations_iPad = "UIInterfaceOrientationPortrait UIInterfaceOrientationPortraitUpsideDown UIInterfaceOrientationLandscapeLeft UIInterfaceOrientationLandscapeRight";
				INFOPLIST_KEY_UISupportedInterfaceOrientations_iPhone = "UIInterfaceOrientationPortrait UIInterfaceOrientationLandscapeLeft UIInterfaceOrientationLandscapeRight";
				LD_RUNPATH_SEARCH_PATHS = (
					"$(inherited)",
					"@executable_path/Frameworks",
				);
				MARKETING_VERSION = 1.0;
				PRODUCT_BUNDLE_IDENTIFIER = kenanbylan.InvioTask;
				PRODUCT_NAME = "$(TARGET_NAME)";
				SWIFT_EMIT_LOC_STRINGS = YES;
				SWIFT_VERSION = 5.0;
				TARGETED_DEVICE_FAMILY = "1,2";
			};
			name = Release;
		};
/* End XCBuildConfiguration section */

/* Begin XCConfigurationList section */
		6E3E83C929E45212007CABD5 /* Build configuration list for PBXProject "InvioTask" */ = {
			isa = XCConfigurationList;
			buildConfigurations = (
				6E3E83E029E45213007CABD5 /* Debug */,
				6E3E83E129E45213007CABD5 /* Release */,
			);
			defaultConfigurationIsVisible = 0;
			defaultConfigurationName = Release;
		};
		6E3E83E229E45213007CABD5 /* Build configuration list for PBXNativeTarget "InvioTask" */ = {
			isa = XCConfigurationList;
			buildConfigurations = (
				6E3E83E329E45213007CABD5 /* Debug */,
				6E3E83E429E45213007CABD5 /* Release */,
			);
			defaultConfigurationIsVisible = 0;
			defaultConfigurationName = Release;
		};
/* End XCConfigurationList section */
	};
	rootObject = 6E3E83C629E45212007CABD5 /* Project object */;
}
